
Microsoft Visual Studio Solution File, Format Version 12.00
# Visual Studio Version 16
VisualStudioVersion = 16.0.29613.14
MinimumVisualStudioVersion = 10.0.40219.1
Project("{FAE04EC0-301F-11D3-BF4B-00C04F79EFBC}") = "ReactService", "ReactService.csproj", "{19B3CB69-98D1-4CC5-94F4-BEE44D169642}"
EndProject
Global
	GlobalSection(SolutionConfigurationPlatforms) = preSolution
		Debug|Any CPU = Debug|Any CPU
		Release|Any CPU = Release|Any CPU
	EndGlobalSection
	GlobalSection(ProjectConfigurationPlatforms) = postSolution
		{19B3CB69-98D1-4CC5-94F4-BEE44D169642}.Debug|Any CPU.ActiveCfg = Debug|Any CPU
		{19B3CB69-98D1-4CC5-94F4-BEE44D169642}.Debug|Any CPU.Build.0 = Debug|Any CPU
		{19B3CB69-98D1-4CC5-94F4-BEE44D169642}.Release|Any CPU.ActiveCfg = Release|Any CPU
		{19B3CB69-98D1-4CC5-94F4-BEE44D169642}.Release|Any CPU.Build.0 = Release|Any CPU
	EndGlobalSection
	GlobalSection(SolutionProperties) = preSolution
		HideSolutionNode = FALSE
	EndGlobalSection
	GlobalSection(ExtensibilityGlobals) = postSolution
		SolutionGuid = {9C634183-5574-42A9-8939-4E867EA7EEEF}
	EndGlobalSection
EndGlobal
